
Microsoft Visual Studio Solution File, Format Version 12.00
# Visual Studio Version 16
VisualStudioVersion = 16.0.31005.135
MinimumVisualStudioVersion = 10.0.40219.1
Project("{FAE04EC0-301F-11D3-BF4B-00C04F79EFBC}") = "libColecciones", "libColecciones\libColecciones.csproj", "{63B5EB32-CD24-44DD-AAC8-0B551FE0C02C}"
EndProject
Global
	GlobalSection(SolutionConfigurationPlatforms) = preSolution
		Debug|Any CPU = Debug|Any CPU
		Release|Any CPU = Release|Any CPU
	EndGlobalSection
	GlobalSection(ProjectConfigurationPlatforms) = postSolution
		{63B5EB32-CD24-44DD-AAC8-0B551FE0C02C}.Debug|Any CPU.ActiveCfg = Debug|Any CPU
		{63B5EB32-CD24-44DD-AAC8-0B551FE0C02C}.Debug|Any CPU.Build.0 = Debug|Any CPU
		{63B5EB32-CD24-44DD-AAC8-0B551FE0C02C}.Release|Any CPU.ActiveCfg = Release|Any CPU
		{63B5EB32-CD24-44DD-AAC8-0B551FE0C02C}.Release|Any CPU.Build.0 = Release|Any CPU
	EndGlobalSection
	GlobalSection(SolutionProperties) = preSolution
		HideSolutionNode = FALSE
	EndGlobalSection
	GlobalSection(ExtensibilityGlobals) = postSolution
		SolutionGuid = {D0623FFD-8448-4113-BCC4-31431186516F}
	EndGlobalSection
EndGlobal
